// !$*UTF8*$!
{
	archiveVersion = 1;
	classes = {
	};
	objectVersion = 56;
	objects = {

/* Begin PBXBuildFile section */
		04589D862D99531D0064A811 /* SwiftUISerierApp.swift in Sources */ = {isa = PBXBuildFile; fileRef = 04589D852D99531D0064A811 /* SwiftUISerierApp.swift */; };
		04589D882D99531D0064A811 /* ContentView.swift in Sources */ = {isa = PBXBuildFile; fileRef = 04589D872D99531D0064A811 /* ContentView.swift */; };
		04589D8A2D9953210064A811 /* Assets.xcassets in Resources */ = {isa = PBXBuildFile; fileRef = 04589D892D9953210064A811 /* Assets.xcassets */; };
		04589D8D2D9953210064A811 /* Preview Assets.xcassets in Resources */ = {isa = PBXBuildFile; fileRef = 04589D8C2D9953210064A811 /* Preview Assets.xcassets */; };
		04589D972D9953220064A811 /* SwiftUISerierTests.swift in Sources */ = {isa = PBXBuildFile; fileRef = 04589D962D9953220064A811 /* SwiftUISerierTests.swift */; };
		04589DA12D9953220064A811 /* SwiftUISerierUITests.swift in Sources */ = {isa = PBXBuildFile; fileRef = 04589DA02D9953220064A811 /* SwiftUISerierUITests.swift */; };
		04589DA32D9953220064A811 /* SwiftUISerierUITestsLaunchTests.swift in Sources */ = {isa = PBXBuildFile; fileRef = 04589DA22D9953220064A811 /* SwiftUISerierUITestsLaunchTests.swift */; };
/* End PBXBuildFile section */

/* Begin PBXContainerItemProxy section */
		04589D932D9953220064A811 /* PBXContainerItemProxy */ = {
			isa = PBXContainerItemProxy;
			containerPortal = 04589D7A2D99531D0064A811 /* Project object */;
			proxyType = 1;
			remoteGlobalIDString = 04589D812D99531D0064A811;
			remoteInfo = SwiftUISerier;
		};
		04589D9D2D9953220064A811 /* PBXContainerItemProxy */ = {
			isa = PBXContainerItemProxy;
			containerPortal = 04589D7A2D99531D0064A811 /* Project object */;
			proxyType = 1;
			remoteGlobalIDString = 04589D812D99531D0064A811;
			remoteInfo = SwiftUISerier;
		};
/* End PBXContainerItemProxy section */

/* Begin PBXFileReference section */
		04589D822D99531D0064A811 /* SwiftUISerier.app */ = {isa = PBXFileReference; explicitFileType = wrapper.application; includeInIndex = 0; path = SwiftUISerier.app; sourceTree = BUILT_PRODUCTS_DIR; };
		04589D852D99531D0064A811 /* SwiftUISerierApp.swift */ = {isa = PBXFileReference; lastKnownFileType = sourcecode.swift; path = SwiftUISerierApp.swift; sourceTree = "<group>"; };
		04589D872D99531D0064A811 /* ContentView.swift */ = {isa = PBXFileReference; lastKnownFileType = sourcecode.swift; path = ContentView.swift; sourceTree = "<group>"; };
		04589D892D9953210064A811 /* Assets.xcassets */ = {isa = PBXFileReference; lastKnownFileType = folder.assetcatalog; path = Assets.xcassets; sourceTree = "<group>"; };
		04589D8C2D9953210064A811 /* Preview Assets.xcassets */ = {isa = PBXFileReference; lastKnownFileType = folder.assetcatalog; path = "Preview Assets.xcassets"; sourceTree = "<group>"; };
		04589D922D9953220064A811 /* SwiftUISerierTests.xctest */ = {isa = PBXFileReference; explicitFileType = wrapper.cfbundle; includeInIndex = 0; path = SwiftUISerierTests.xctest; sourceTree = BUILT_PRODUCTS_DIR; };
		04589D962D9953220064A811 /* SwiftUISerierTests.swift */ = {isa = PBXFileReference; lastKnownFileType = sourcecode.swift; path = SwiftUISerierTests.swift; sourceTree = "<group>"; };
		04589D9C2D9953220064A811 /* SwiftUISerierUITests.xctest */ = {isa = PBXFileReference; explicitFileType = wrapper.cfbundle; includeInIndex = 0; path = SwiftUISerierUITests.xctest; sourceTree = BUILT_PRODUCTS_DIR; };
		04589DA02D9953220064A811 /* SwiftUISerierUITests.swift */ = {isa = PBXFileReference; lastKnownFileType = sourcecode.swift; path = SwiftUISerierUITests.swift; sourceTree = "<group>"; };
		04589DA22D9953220064A811 /* SwiftUISerierUITestsLaunchTests.swift */ = {isa = PBXFileReference; lastKnownFileType = sourcecode.swift; path = SwiftUISerierUITestsLaunchTests.swift; sourceTree = "<group>"; };
/* End PBXFileReference section */

/* Begin PBXFrameworksBuildPhase section */
		04589D7F2D99531D0064A811 /* Frameworks */ = {
			isa = PBXFrameworksBuildPhase;
			buildActionMask = 2147483647;
			files = (
			);
			runOnlyForDeploymentPostprocessing = 0;
		};
		04589D8F2D9953220064A811 /* Frameworks */ = {
			isa = PBXFrameworksBuildPhase;
			buildActionMask = 2147483647;
			files = (
			);
			runOnlyForDeploymentPostprocessing = 0;
		};
		04589D992D9953220064A811 /* Frameworks */ = {
			isa = PBXFrameworksBuildPhase;
			buildActionMask = 2147483647;
			files = (
			);
			runOnlyForDeploymentPostprocessing = 0;
		};
/* End PBXFrameworksBuildPhase section */

/* Begin PBXGroup section */
		04589D792D99531D0064A811 = {
			isa = PBXGroup;
			children = (
				04589D842D99531D0064A811 /* SwiftUISerier */,
				04589D952D9953220064A811 /* SwiftUISerierTests */,
				04589D9F2D9953220064A811 /* SwiftUISerierUITests */,
				04589D832D99531D0064A811 /* Products */,
			);
			sourceTree = "<group>";
		};
		04589D832D99531D0064A811 /* Products */ = {
			isa = PBXGroup;
			children = (
				04589D822D99531D0064A811 /* SwiftUISerier.app */,
				04589D922D9953220064A811 /* SwiftUISerierTests.xctest */,
				04589D9C2D9953220064A811 /* SwiftUISerierUITests.xctest */,
			);
			name = Products;
			sourceTree = "<group>";
		};
		04589D842D99531D0064A811 /* SwiftUISerier */ = {
			isa = PBXGroup;
			children = (
				04589D852D99531D0064A811 /* SwiftUISerierApp.swift */,
				04589D872D99531D0064A811 /* ContentView.swift */,
				04589D892D9953210064A811 /* Assets.xcassets */,
				04589D8B2D9953210064A811 /* Preview Content */,
			);
			path = SwiftUISerier;
			sourceTree = "<group>";
		};
		04589D8B2D9953210064A811 /* Preview Content */ = {
			isa = PBXGroup;
			children = (
				04589D8C2D9953210064A811 /* Preview Assets.xcassets */,
			);
			path = "Preview Content";
			sourceTree = "<group>";
		};
		04589D952D9953220064A811 /* SwiftUISerierTests */ = {
			isa = PBXGroup;
			children = (
				04589D962D9953220064A811 /* SwiftUISerierTests.swift */,
			);
			path = SwiftUISerierTests;
			sourceTree = "<group>";
		};
		04589D9F2D9953220064A811 /* SwiftUISerierUITests */ = {
			isa = PBXGroup;
			children = (
				04589DA02D9953220064A811 /* SwiftUISerierUITests.swift */,
				04589DA22D9953220064A811 /* SwiftUISerierUITestsLaunchTests.swift */,
			);
			path = SwiftUISerierUITests;
			sourceTree = "<group>";
		};
/* End PBXGroup section */

/* Begin PBXNativeTarget section */
		04589D812D99531D0064A811 /* SwiftUISerier */ = {
			isa = PBXNativeTarget;
			buildConfigurationList = 04589DA62D9953220064A811 /* Build configuration list for PBXNativeTarget "SwiftUISerier" */;
			buildPhases = (
				04589D7E2D99531D0064A811 /* Sources */,
				04589D7F2D99531D0064A811 /* Frameworks */,
				04589D802D99531D0064A811 /* Resources */,
			);
			buildRules = (
			);
			dependencies = (
			);
			name = SwiftUISerier;
			productName = SwiftUISerier;
			productReference = 04589D822D99531D0064A811 /* SwiftUISerier.app */;
			productType = "com.apple.product-type.application";
		};
		04589D912D9953220064A811 /* SwiftUISerierTests */ = {
			isa = PBXNativeTarget;
			buildConfigurationList = 04589DA92D9953220064A811 /* Build configuration list for PBXNativeTarget "SwiftUISerierTests" */;
			buildPhases = (
				04589D8E2D9953220064A811 /* Sources */,
				04589D8F2D9953220064A811 /* Frameworks */,
				04589D902D9953220064A811 /* Resources */,
			);
			buildRules = (
			);
			dependencies = (
				04589D942D9953220064A811 /* PBXTargetDependency */,
			);
			name = SwiftUISerierTests;
			productName = SwiftUISerierTests;
			productReference = 04589D922D9953220064A811 /* SwiftUISerierTests.xctest */;
			productType = "com.apple.product-type.bundle.unit-test";
		};
		04589D9B2D9953220064A811 /* SwiftUISerierUITests */ = {
			isa = PBXNativeTarget;
			buildConfigurationList = 04589DAC2D9953220064A811 /* Build configuration list for PBXNativeTarget "SwiftUISerierUITests" */;
			buildPhases = (
				04589D982D9953220064A811 /* Sources */,
				04589D992D9953220064A811 /* Frameworks */,
				04589D9A2D9953220064A811 /* Resources */,
			);
			buildRules = (
			);
			dependencies = (
				04589D9E2D9953220064A811 /* PBXTargetDependency */,
			);
			name = SwiftUISerierUITests;
			productName = SwiftUISerierUITests;
			productReference = 04589D9C2D9953220064A811 /* SwiftUISerierUITests.xctest */;
			productType = "com.apple.product-type.bundle.ui-testing";
		};
/* End PBXNativeTarget section */

/* Begin PBXProject section */
		04589D7A2D99531D0064A811 /* Project object */ = {
			isa = PBXProject;
			attributes = {
				BuildIndependentTargetsInParallel = 1;
				LastSwiftUpdateCheck = 1530;
				LastUpgradeCheck = 1530;
				TargetAttributes = {
					04589D812D99531D0064A811 = {
						CreatedOnToolsVersion = 15.3;
					};
					04589D912D9953220064A811 = {
						CreatedOnToolsVersion = 15.3;
						TestTargetID = 04589D812D99531D0064A811;
					};
					04589D9B2D9953220064A811 = {
						CreatedOnToolsVersion = 15.3;
						TestTargetID = 04589D812D99531D0064A811;
					};
				};
			};
			buildConfigurationList = 04589D7D2D99531D0064A811 /* Build configuration list for PBXProject "SwiftUISerier" */;
			compatibilityVersion = "Xcode 14.0";
			developmentRegion = en;
			hasScannedForEncodings = 0;
			knownRegions = (
				en,
				Base,
			);
			mainGroup = 04589D792D99531D0064A811;
			productRefGroup = 04589D832D99531D0064A811 /* Products */;
			projectDirPath = "";
			projectRoot = "";
			targets = (
				04589D812D99531D0064A811 /* SwiftUISerier */,
				04589D912D9953220064A811 /* SwiftUISerierTests */,
				04589D9B2D9953220064A811 /* SwiftUISerierUITests */,
			);
		};
/* End PBXProject section */

/* Begin PBXResourcesBuildPhase section */
		04589D802D99531D0064A811 /* Resources */ = {
			isa = PBXResourcesBuildPhase;
			buildActionMask = 2147483647;
			files = (
				04589D8D2D9953210064A811 /* Preview Assets.xcassets in Resources */,
				04589D8A2D9953210064A811 /* Assets.xcassets in Resources */,
			);
			runOnlyForDeploymentPostprocessing = 0;
		};
		04589D902D9953220064A811 /* Resources */ = {
			isa = PBXResourcesBuildPhase;
			buildActionMask = 2147483647;
			files = (
			);
			runOnlyForDeploymentPostprocessing = 0;
		};
		04589D9A2D9953220064A811 /* Resources */ = {
			isa = PBXResourcesBuildPhase;
			buildActionMask = 2147483647;
			files = (
			);
			runOnlyForDeploymentPostprocessing = 0;
		};
/* End PBXResourcesBuildPhase section */

/* Begin PBXSourcesBuildPhase section */
		04589D7E2D99531D0064A811 /* Sources */ = {
			isa = PBXSourcesBuildPhase;
			buildActionMask = 2147483647;
			files = (
				04589D882D99531D0064A811 /* ContentView.swift in Sources */,
				04589D862D99531D0064A811 /* SwiftUISerierApp.swift in Sources */,
			);
			runOnlyForDeploymentPostprocessing = 0;
		};
		04589D8E2D9953220064A811 /* Sources */ = {
			isa = PBXSourcesBuildPhase;
			buildActionMask = 2147483647;
			files = (
				04589D972D9953220064A811 /* SwiftUISerierTests.swift in Sources */,
			);
			runOnlyForDeploymentPostprocessing = 0;
		};
		04589D982D9953220064A811 /* Sources */ = {
			isa = PBXSourcesBuildPhase;
			buildActionMask = 2147483647;
			files = (
				04589DA32D9953220064A811 /* SwiftUISerierUITestsLaunchTests.swift in Sources */,
				04589DA12D9953220064A811 /* SwiftUISerierUITests.swift in Sources */,
			);
			runOnlyForDeploymentPostprocessing = 0;
		};
/* End PBXSourcesBuildPhase section */

/* Begin PBXTargetDependency section */
		04589D942D9953220064A811 /* PBXTargetDependency */ = {
			isa = PBXTargetDependency;
			target = 04589D812D99531D0064A811 /* SwiftUISerier */;
			targetProxy = 04589D932D9953220064A811 /* PBXContainerItemProxy */;
		};
		04589D9E2D9953220064A811 /* PBXTargetDependency */ = {
			isa = PBXTargetDependency;
			target = 04589D812D99531D0064A811 /* SwiftUISerier */;
			targetProxy = 04589D9D2D9953220064A811 /* PBXContainerItemProxy */;
		};
/* End PBXTargetDependency section */

/* Begin XCBuildConfiguration section */
		04589DA42D9953220064A811 /* Debug */ = {
			isa = XCBuildConfiguration;
			buildSettings = {
				ALWAYS_SEARCH_USER_PATHS = NO;
				ASSETCATALOG_COMPILER_GENERATE_SWIFT_ASSET_SYMBOL_EXTENSIONS = YES;
				CLANG_ANALYZER_NONNULL = YES;
				CLANG_ANALYZER_NUMBER_OBJECT_CONVERSION = YES_AGGRESSIVE;
				CLANG_CXX_LANGUAGE_STANDARD = "gnu++20";
				CLANG_ENABLE_MODULES = YES;
				CLANG_ENABLE_OBJC_ARC = YES;
				CLANG_ENABLE_OBJC_WEAK = YES;
				CLANG_WARN_BLOCK_CAPTURE_AUTORELEASING = YES;
				CLANG_WARN_BOOL_CONVERSION = YES;
				CLANG_WARN_COMMA = YES;
				CLANG_WARN_CONSTANT_CONVERSION = YES;
				CLANG_WARN_DEPRECATED_OBJC_IMPLEMENTATIONS = YES;
				CLANG_WARN_DIRECT_OBJC_ISA_USAGE = YES_ERROR;
				CLANG_WARN_DOCUMENTATION_COMMENTS = YES;
				CLANG_WARN_EMPTY_BODY = YES;
				CLANG_WARN_ENUM_CONVERSION = YES;
				CLANG_WARN_INFINITE_RECURSION = YES;
				CLANG_WARN_INT_CONVERSION = YES;
				CLANG_WARN_NON_LITERAL_NULL_CONVERSION = YES;
				CLANG_WARN_OBJC_IMPLICIT_RETAIN_SELF = YES;
				CLANG_WARN_OBJC_LITERAL_CONVERSION = YES;
				CLANG_WARN_OBJC_ROOT_CLASS = YES_ERROR;
				CLANG_WARN_QUOTED_INCLUDE_IN_FRAMEWORK_HEADER = YES;
				CLANG_WARN_RANGE_LOOP_ANALYSIS = YES;
				CLANG_WARN_STRICT_PROTOTYPES = YES;
				CLANG_WARN_SUSPICIOUS_MOVE = YES;
				CLANG_WARN_UNGUARDED_AVAILABILITY = YES_AGGRESSIVE;
				CLANG_WARN_UNREACHABLE_CODE = YES;
				CLANG_WARN__DUPLICATE_METHOD_MATCH = YES;
				COPY_PHASE_STRIP = NO;
				DEBUG_INFORMATION_FORMAT = dwarf;
				ENABLE_STRICT_OBJC_MSGSEND = YES;
				ENABLE_TESTABILITY = YES;
				ENABLE_USER_SCRIPT_SANDBOXING = YES;
				GCC_C_LANGUAGE_STANDARD = gnu17;
				GCC_DYNAMIC_NO_PIC = NO;
				GCC_NO_COMMON_BLOCKS = YES;
				GCC_OPTIMIZATION_LEVEL = 0;
				GCC_PREPROCESSOR_DEFINITIONS = (
					"DEBUG=1",
					"$(inherited)",
				);
				GCC_WARN_64_TO_32_BIT_CONVERSION = YES;
				GCC_WARN_ABOUT_RETURN_TYPE = YES_ERROR;
				GCC_WARN_UNDECLARED_SELECTOR = YES;
				GCC_WARN_UNINITIALIZED_AUTOS = YES_AGGRESSIVE;
				GCC_WARN_UNUSED_FUNCTION = YES;
				GCC_WARN_UNUSED_VARIABLE = YES;
				IPHONEOS_DEPLOYMENT_TARGET = 17.4;
				LOCALIZATION_PREFERS_STRING_CATALOGS = YES;
				MTL_ENABLE_DEBUG_INFO = INCLUDE_SOURCE;
				MTL_FAST_MATH = YES;
				ONLY_ACTIVE_ARCH = YES;
				SDKROOT = iphoneos;
				SWIFT_ACTIVE_COMPILATION_CONDITIONS = "DEBUG $(inherited)";
				SWIFT_OPTIMIZATION_LEVEL = "-Onone";
			};
			name = Debug;
		};
		04589DA52D9953220064A811 /* Release */ = {
			isa = XCBuildConfiguration;
			buildSettings = {
				ALWAYS_SEARCH_USER_PATHS = NO;
				ASSETCATALOG_COMPILER_GENERATE_SWIFT_ASSET_SYMBOL_EXTENSIONS = YES;
				CLANG_ANALYZER_NONNULL = YES;
				CLANG_ANALYZER_NUMBER_OBJECT_CONVERSION = YES_AGGRESSIVE;
				CLANG_CXX_LANGUAGE_STANDARD = "gnu++20";
				CLANG_ENABLE_MODULES = YES;
				CLANG_ENABLE_OBJC_ARC = YES;
				CLANG_ENABLE_OBJC_WEAK = YES;
				CLANG_WARN_BLOCK_CAPTURE_AUTORELEASING = YES;
				CLANG_WARN_BOOL_CONVERSION = YES;
				CLANG_WARN_COMMA = YES;
				CLANG_WARN_CONSTANT_CONVERSION = YES;
				CLANG_WARN_DEPRECATED_OBJC_IMPLEMENTATIONS = YES;
				CLANG_WARN_DIRECT_OBJC_ISA_USAGE = YES_ERROR;
				CLANG_WARN_DOCUMENTATION_COMMENTS = YES;
				CLANG_WARN_EMPTY_BODY = YES;
				CLANG_WARN_ENUM_CONVERSION = YES;
				CLANG_WARN_INFINITE_RECURSION = YES;
				CLANG_WARN_INT_CONVERSION = YES;
				CLANG_WARN_NON_LITERAL_NULL_CONVERSION = YES;
				CLANG_WARN_OBJC_IMPLICIT_RETAIN_SELF = YES;
				CLANG_WARN_OBJC_LITERAL_CONVERSION = YES;
				CLANG_WARN_OBJC_ROOT_CLASS = YES_ERROR;
				CLANG_WARN_QUOTED_INCLUDE_IN_FRAMEWORK_HEADER = YES;
				CLANG_WARN_RANGE_LOOP_ANALYSIS = YES;
				CLANG_WARN_STRICT_PROTOTYPES = YES;
				CLANG_WARN_SUSPICIOUS_MOVE = YES;
				CLANG_WARN_UNGUARDED_AVAILABILITY = YES_AGGRESSIVE;
				CLANG_WARN_UNREACHABLE_CODE = YES;
				CLANG_WARN__DUPLICATE_METHOD_MATCH = YES;
				COPY_PHASE_STRIP = NO;
				DEBUG_INFORMATION_FORMAT = "dwarf-with-dsym";
				ENABLE_NS_ASSERTIONS = NO;
				ENABLE_STRICT_OBJC_MSGSEND = YES;
				ENABLE_USER_SCRIPT_SANDBOXING = YES;
				GCC_C_LANGUAGE_STANDARD = gnu17;
				GCC_NO_COMMON_BLOCKS = YES;
				GCC_WARN_64_TO_32_BIT_CONVERSION = YES;
				GCC_WARN_ABOUT_RETURN_TYPE = YES_ERROR;
				GCC_WARN_UNDECLARED_SELECTOR = YES;
				GCC_WARN_UNINITIALIZED_AUTOS = YES_AGGRESSIVE;
				GCC_WARN_UNUSED_FUNCTION = YES;
				GCC_WARN_UNUSED_VARIABLE = YES;
				IPHONEOS_DEPLOYMENT_TARGET = 17.4;
				LOCALIZATION_PREFERS_STRING_CATALOGS = YES;
				MTL_ENABLE_DEBUG_INFO = NO;
				MTL_FAST_MATH = YES;
				SDKROOT = iphoneos;
				SWIFT_COMPILATION_MODE = wholemodule;
				VALIDATE_PRODUCT = YES;
			};
			name = Release;
		};
		04589DA72D9953220064A811 /* Debug */ = {
			isa = XCBuildConfiguration;
			buildSettings = {
				ASSETCATALOG_COMPILER_APPICON_NAME = AppIcon;
				ASSETCATALOG_COMPILER_GLOBAL_ACCENT_COLOR_NAME = AccentColor;
				CODE_SIGN_STYLE = Automatic;
				CURRENT_PROJECT_VERSION = 1;
				DEVELOPMENT_ASSET_PATHS = "\"SwiftUISerier/Preview Content\"";
				DEVELOPMENT_TEAM = VN26ACW8NV;
				ENABLE_PREVIEWS = YES;
				GENERATE_INFOPLIST_FILE = YES;
				INFOPLIST_KEY_UIApplicationSceneManifest_Generation = YES;
				INFOPLIST_KEY_UIApplicationSupportsIndirectInputEvents = YES;
				INFOPLIST_KEY_UILaunchScreen_Generation = YES;
				INFOPLIST_KEY_UISupportedInterfaceOrientations_iPad = "UIInterfaceOrientationPortrait UIInterfaceOrientationPortraitUpsideDown UIInterfaceOrientationLandscapeLeft UIInterfaceOrientationLandscapeRight";
				INFOPLIST_KEY_UISupportedInterfaceOrientations_iPhone = "UIInterfaceOrientationPortrait UIInterfaceOrientationLandscapeLeft UIInterfaceOrientationLandscapeRight";
				LD_RUNPATH_SEARCH_PATHS = (
					"$(inherited)",
					"@executable_path/Frameworks",
				);
				MARKETING_VERSION = 1.0;
				PRODUCT_BUNDLE_IDENTIFIER = Lamle96.SwiftUISerier;
				PRODUCT_NAME = "$(TARGET_NAME)";
				SWIFT_EMIT_LOC_STRINGS = YES;
				SWIFT_VERSION = 5.0;
				TARGETED_DEVICE_FAMILY = "1,2";
			};
			name = Debug;
		};
		04589DA82D9953220064A811 /* Release */ = {
			isa = XCBuildConfiguration;
			buildSettings = {
				ASSETCATALOG_COMPILER_APPICON_NAME = AppIcon;
				ASSETCATALOG_COMPILER_GLOBAL_ACCENT_COLOR_NAME = AccentColor;
				CODE_SIGN_STYLE = Automatic;
				CURRENT_PROJECT_VERSION = 1;
				DEVELOPMENT_ASSET_PATHS = "\"SwiftUISerier/Preview Content\"";
				DEVELOPMENT_TEAM = VN26ACW8NV;
				ENABLE_PREVIEWS = YES;
				GENERATE_INFOPLIST_FILE = YES;
				INFOPLIST_KEY_UIApplicationSceneManifest_Generation = YES;
				INFOPLIST_KEY_UIApplicationSupportsIndirectInputEvents = YES;
				INFOPLIST_KEY_UILaunchScreen_Generation = YES;
				INFOPLIST_KEY_UISupportedInterfaceOrientations_iPad = "UIInterfaceOrientationPortrait UIInterfaceOrientationPortraitUpsideDown UIInterfaceOrientationLandscapeLeft UIInterfaceOrientationLandscapeRight";
				INFOPLIST_KEY_UISupportedInterfaceOrientations_iPhone = "UIInterfaceOrientationPortrait UIInterfaceOrientationLandscapeLeft UIInterfaceOrientationLandscapeRight";
				LD_RUNPATH_SEARCH_PATHS = (
					"$(inherited)",
					"@executable_path/Frameworks",
				);
				MARKETING_VERSION = 1.0;
				PRODUCT_BUNDLE_IDENTIFIER = Lamle96.SwiftUISerier;
				PRODUCT_NAME = "$(TARGET_NAME)";
				SWIFT_EMIT_LOC_STRINGS = YES;
				SWIFT_VERSION = 5.0;
				TARGETED_DEVICE_FAMILY = "1,2";
			};
			name = Release;
		};
		04589DAA2D9953220064A811 /* Debug */ = {
			isa = XCBuildConfiguration;
			buildSettings = {
				ALWAYS_EMBED_SWIFT_STANDARD_LIBRARIES = YES;
				BUNDLE_LOADER = "$(TEST_HOST)";
				CODE_SIGN_STYLE = Automatic;
				CURRENT_PROJECT_VERSION = 1;
				DEVELOPMENT_TEAM = VN26ACW8NV;
				GENERATE_INFOPLIST_FILE = YES;
				IPHONEOS_DEPLOYMENT_TARGET = 17.4;
				MARKETING_VERSION = 1.0;
				PRODUCT_BUNDLE_IDENTIFIER = Lamle96.SwiftUISerierTests;
				PRODUCT_NAME = "$(TARGET_NAME)";
				SWIFT_EMIT_LOC_STRINGS = NO;
				SWIFT_VERSION = 5.0;
				TARGETED_DEVICE_FAMILY = "1,2";
				TEST_HOST = "$(BUILT_PRODUCTS_DIR)/SwiftUISerier.app/$(BUNDLE_EXECUTABLE_FOLDER_PATH)/SwiftUISerier";
			};
			name = Debug;
		};
		04589DAB2D9953220064A811 /* Release */ = {
			isa = XCBuildConfiguration;
			buildSettings = {
				ALWAYS_EMBED_SWIFT_STANDARD_LIBRARIES = YES;
				BUNDLE_LOADER = "$(TEST_HOST)";
				CODE_SIGN_STYLE = Automatic;
				CURRENT_PROJECT_VERSION = 1;
				DEVELOPMENT_TEAM = VN26ACW8NV;
				GENERATE_INFOPLIST_FILE = YES;
				IPHONEOS_DEPLOYMENT_TARGET = 17.4;
				MARKETING_VERSION = 1.0;
				PRODUCT_BUNDLE_IDENTIFIER = Lamle96.SwiftUISerierTests;
				PRODUCT_NAME = "$(TARGET_NAME)";
				SWIFT_EMIT_LOC_STRINGS = NO;
				SWIFT_VERSION = 5.0;
				TARGETED_DEVICE_FAMILY = "1,2";
				TEST_HOST = "$(BUILT_PRODUCTS_DIR)/SwiftUISerier.app/$(BUNDLE_EXECUTABLE_FOLDER_PATH)/SwiftUISerier";
			};
			name = Release;
		};
		04589DAD2D9953220064A811 /* Debug */ = {
			isa = XCBuildConfiguration;
			buildSettings = {
				ALWAYS_EMBED_SWIFT_STANDARD_LIBRARIES = YES;
				CODE_SIGN_STYLE = Automatic;
				CURRENT_PROJECT_VERSION = 1;
				DEVELOPMENT_TEAM = VN26ACW8NV;
				GENERATE_INFOPLIST_FILE = YES;
				MARKETING_VERSION = 1.0;
				PRODUCT_BUNDLE_IDENTIFIER = Lamle96.SwiftUISerierUITests;
				PRODUCT_NAME = "$(TARGET_NAME)";
				SWIFT_EMIT_LOC_STRINGS = NO;
				SWIFT_VERSION = 5.0;
				TARGETED_DEVICE_FAMILY = "1,2";
				TEST_TARGET_NAME = SwiftUISerier;
			};
			name = Debug;
		};
		04589DAE2D9953220064A811 /* Release */ = {
			isa = XCBuildConfiguration;
			buildSettings = {
				ALWAYS_EMBED_SWIFT_STANDARD_LIBRARIES = YES;
				CODE_SIGN_STYLE = Automatic;
				CURRENT_PROJECT_VERSION = 1;
				DEVELOPMENT_TEAM = VN26ACW8NV;
				GENERATE_INFOPLIST_FILE = YES;
				MARKETING_VERSION = 1.0;
				PRODUCT_BUNDLE_IDENTIFIER = Lamle96.SwiftUISerierUITests;
				PRODUCT_NAME = "$(TARGET_NAME)";
				SWIFT_EMIT_LOC_STRINGS = NO;
				SWIFT_VERSION = 5.0;
				TARGETED_DEVICE_FAMILY = "1,2";
				TEST_TARGET_NAME = SwiftUISerier;
			};
			name = Release;
		};
/* End XCBuildConfiguration section */

/* Begin XCConfigurationList section */
		04589D7D2D99531D0064A811 /* Build configuration list for PBXProject "SwiftUISerier" */ = {
			isa = XCConfigurationList;
			buildConfigurations = (
				04589DA42D9953220064A811 /* Debug */,
				04589DA52D9953220064A811 /* Release */,
			);
			defaultConfigurationIsVisible = 0;
			defaultConfigurationName = Release;
		};
		04589DA62D9953220064A811 /* Build configuration list for PBXNativeTarget "SwiftUISerier" */ = {
			isa = XCConfigurationList;
			buildConfigurations = (
				04589DA72D9953220064A811 /* Debug */,
				04589DA82D9953220064A811 /* Release */,
			);
			defaultConfigurationIsVisible = 0;
			defaultConfigurationName = Release;
		};
		04589DA92D9953220064A811 /* Build configuration list for PBXNativeTarget "SwiftUISerierTests" */ = {
			isa = XCConfigurationList;
			buildConfigurations = (
				04589DAA2D9953220064A811 /* Debug */,
				04589DAB2D9953220064A811 /* Release */,
			);
			defaultConfigurationIsVisible = 0;
			defaultConfigurationName = Release;
		};
		04589DAC2D9953220064A811 /* Build configuration list for PBXNativeTarget "SwiftUISerierUITests" */ = {
			isa = XCConfigurationList;
			buildConfigurations = (
				04589DAD2D9953220064A811 /* Debug */,
				04589DAE2D9953220064A811 /* Release */,
			);
			defaultConfigurationIsVisible = 0;
			defaultConfigurationName = Release;
		};
/* End XCConfigurationList section */
	};
	rootObject = 04589D7A2D99531D0064A811 /* Project object */;
}
